{
  "originHash" : "993f33fab95866ddc539f0bf9229fec7e41ecf62443e4609472c61520d88e2dd",
  "pins" : [
    {
      "identity" : "chaosbytestreams",
      "kind" : "remoteSourceControl",
      "location" : "https://github.com/elegantchaos/ChaosByteStreams",
      "state" : {
        "revision" : "dc5fc08a831e8e2878197418e3ed35f234bcfe07",
        "version" : "1.0.6"
      }
    },
    {
      "identity" : "chaostesting",
      "kind" : "remoteSourceControl",
      "location" : "https://github.com/elegantchaos/ChaosTesting",
      "state" : {
        "revision" : "a7523f7678b8a6b5b8edccb05330f32317413979",
        "version" : "1.0.1"
      }
    },
    {
      "identity" : "runner",
      "kind" : "remoteSourceControl",
      "location" : "https://github.com/elegantchaos/Runner",
      "state" : {
        "revision" : "e5b8e0fc4b5119b238935343dc60171c0140ee1f",
        "version" : "2.1.3"
      }
    },
    {
      "identity" : "semanticversion",
      "kind" : "remoteSourceControl",
      "location" : "https://github.com/elegantchaos/SemanticVersion",
      "state" : {
        "revision" : "6bda5a45a2f687a82a0fbb002bee8ad31e44f478",
        "version" : "1.1.0"
      }
    },
    {
      "identity" : "versionator",
      "kind" : "remoteSourceControl",
      "location" : "https://github.com/elegantchaos/Versionator",
      "state" : {
        "revision" : "f67fae2e7c4da26f768f622ab68cbdff409c90f6",
        "version" : "2.0.6"
      }
    }
  ],
  "version" : 3
}
