{
  "originHash" : "8f42fae892d26b9cbddc272e35d4b0b1ab7a47ef70f458e4fcd73e0093e5d293",
  "pins" : [
    {
      "identity" : "chaosbytestreams",
      "kind" : "remoteSourceControl",
      "location" : "https://github.com/elegantchaos/ChaosByteStreams",
      "state" : {
        "revision" : "01cc58b8d9a01d67ee6669b67db41b2060ea467b",
        "version" : "1.0.7"
      }
    },
    {
      "identity" : "chaostesting",
      "kind" : "remoteSourceControl",
      "location" : "https://github.com/elegantchaos/ChaosTesting",
      "state" : {
        "revision" : "a7523f7678b8a6b5b8edccb05330f32317413979",
        "version" : "1.0.1"
      }
    },
    {
      "identity" : "matchable",
      "kind" : "remoteSourceControl",
      "location" : "https://github.com/elegantchaos/Matchable",
      "state" : {
        "revision" : "d53e807009960aafbd54f6229c2542f906628b38",
        "version" : "1.0.7"
      }
    },
    {
      "identity" : "runner",
      "kind" : "remoteSourceControl",
      "location" : "https://github.com/elegantchaos/Runner",
      "state" : {
        "revision" : "ba4b7d5b995d33c82fc1aa51054202caf0aa7297",
        "version" : "2.1.5"
      }
    },
    {
      "identity" : "semanticversion",
      "kind" : "remoteSourceControl",
      "location" : "https://github.com/elegantchaos/SemanticVersion",
      "state" : {
        "revision" : "2637309c72c1415cc3d1ea27ae6ddb2a2b66ecf0",
        "version" : "1.1.2"
      }
    },
    {
      "identity" : "swift-subprocess",
      "kind" : "remoteSourceControl",
      "location" : "https://github.com/swiftlang/swift-subprocess.git",
      "state" : {
        "revision" : "ba5888ad7758cbcbe7abebac37860b1652af2d9c",
        "version" : "0.3.0"
      }
    },
    {
      "identity" : "swift-system",
      "kind" : "remoteSourceControl",
      "location" : "https://github.com/apple/swift-system",
      "state" : {
        "revision" : "7c6ad0fc39d0763e0b699210e4124afd5041c5df",
        "version" : "1.6.4"
      }
    },
    {
      "identity" : "versionator",
      "kind" : "remoteSourceControl",
      "location" : "https://github.com/elegantchaos/Versionator",
      "state" : {
        "revision" : "b5f925adb48a08f33281713cb48c51a9cead21ee",
        "version" : "2.1.1"
      }
    }
  ],
  "version" : 3
}
